
Microsoft Visual Studio Solution File, Format Version 12.00
# Visual Studio Version 17
VisualStudioVersion = 17.14.37328.6
MinimumVisualStudioVersion = 10.0.40219.1
Project("{FAE04EC0-301F-11D3-BF4B-00C04F79EFBC}") = "Empty", "Empty.csproj", "{15FED8E7-DE0C-E0E0-4A62-6084DCB0EC03}"
EndProject
Project("{FAE04EC0-301F-11D3-BF4B-00C04F79EFBC}") = "MonoGame.Library", "..\..\MonoGame.Library\MonoGame.Library.csproj", "{1996F109-453A-F6CE-FDFC-EC0D87B6F1F8}"
EndProject
Global
	GlobalSection(SolutionConfigurationPlatforms) = preSolution
		Debug|Any CPU = Debug|Any CPU
		Release|Any CPU = Release|Any CPU
	EndGlobalSection
	GlobalSection(ProjectConfigurationPlatforms) = postSolution
		{15FED8E7-DE0C-E0E0-4A62-6084DCB0EC03}.Debug|Any CPU.ActiveCfg = Debug|Any CPU
		{15FED8E7-DE0C-E0E0-4A62-6084DCB0EC03}.Debug|Any CPU.Build.0 = Debug|Any CPU
		{15FED8E7-DE0C-E0E0-4A62-6084DCB0EC03}.Release|Any CPU.ActiveCfg = Release|Any CPU
		{15FED8E7-DE0C-E0E0-4A62-6084DCB0EC03}.Release|Any CPU.Build.0 = Release|Any CPU
		{1996F109-453A-F6CE-FDFC-EC0D87B6F1F8}.Debug|Any CPU.ActiveCfg = Debug|Any CPU
		{1996F109-453A-F6CE-FDFC-EC0D87B6F1F8}.Debug|Any CPU.Build.0 = Debug|Any CPU
		{1996F109-453A-F6CE-FDFC-EC0D87B6F1F8}.Release|Any CPU.ActiveCfg = Release|Any CPU
		{1996F109-453A-F6CE-FDFC-EC0D87B6F1F8}.Release|Any CPU.Build.0 = Release|Any CPU
	EndGlobalSection
	GlobalSection(SolutionProperties) = preSolution
		HideSolutionNode = FALSE
	EndGlobalSection
	GlobalSection(ExtensibilityGlobals) = postSolution
		SolutionGuid = {10427ADF-3454-4175-AF05-B202A93B3252}
	EndGlobalSection
EndGlobal
